
Microsoft Visual Studio Solution File, Format Version 12.00
# Visual Studio 14
VisualStudioVersion = 14.0.25420.1
MinimumVisualStudioVersion = 10.0.40219.1
Project("{2150E333-8FDC-42A3-9474-1A3956D46DE8}") = "ApiPeek.App", "ApiPeek.App", "{516EFA5D-A6DF-4BA8-A02F-74D715E64E4D}"
EndProject
Project("{D954291E-2A0B-460D-934E-DC6B0785DB48}") = "ApiPeek.App.Shared", "ApiPeek.App.Shared\ApiPeek.App.Shared.shproj", "{3BCB4884-A108-44B0-8317-FA9814185296}"
EndProject
Project("{FAE04EC0-301F-11D3-BF4B-00C04F79EFBC}") = "ApiPeek.App.Windows", "ApiPeek.App.Windows\ApiPeek.App.Windows.csproj", "{C464FA47-7BF6-45D7-970F-CEF4EC1D9832}"
EndProject
Project("{FAE04EC0-301F-11D3-BF4B-00C04F79EFBC}") = "ApiPeek.App.WindowsPhone", "ApiPeek.App.WindowsPhone\ApiPeek.App.WindowsPhone.csproj", "{7D21E59C-D29D-439C-8B98-71F221E18C56}"
EndProject
Project("{FAE04EC0-301F-11D3-BF4B-00C04F79EFBC}") = "ApiPeek.Core", "ApiPeek.Core\ApiPeek.Core.csproj", "{58B9B0ED-E58A-4919-A0A9-A1E64CB92851}"
EndProject
Project("{FAE04EC0-301F-11D3-BF4B-00C04F79EFBC}") = "ApiPeek.Service", "ApiPeek.Service\ApiPeek.Service.csproj", "{FCE01DA8-FD18-4AC7-A49A-1955EDB75D58}"
EndProject
Project("{FAE04EC0-301F-11D3-BF4B-00C04F79EFBC}") = "ApiPeek.Compare.App.Console", "ApiPeek.Compare.App.Console\ApiPeek.Compare.App.Console.csproj", "{96FBACC4-27BD-43C8-910D-1D8CF687C90A}"
EndProject
Project("{FAE04EC0-301F-11D3-BF4B-00C04F79EFBC}") = "ApiPeek.App.UWP", "ApiPeek.App.UWP\ApiPeek.App.UWP.csproj", "{7CEFDFA1-49AA-48C8-99E6-7F21A0FD1F4C}"
EndProject
Global
	GlobalSection(SharedMSBuildProjectFiles) = preSolution
		ApiPeek.App.Shared\ApiPeek.App.Shared.projitems*{3bcb4884-a108-44b0-8317-fa9814185296}*SharedItemsImports = 13
		ApiPeek.App.Shared\ApiPeek.App.Shared.projitems*{7cefdfa1-49aa-48c8-99e6-7f21a0fd1f4c}*SharedItemsImports = 4
		ApiPeek.App.Shared\ApiPeek.App.Shared.projitems*{7d21e59c-d29d-439c-8b98-71f221e18c56}*SharedItemsImports = 4
		ApiPeek.App.Shared\ApiPeek.App.Shared.projitems*{c464fa47-7bf6-45d7-970f-cef4ec1d9832}*SharedItemsImports = 4
	EndGlobalSection
	GlobalSection(SolutionConfigurationPlatforms) = preSolution
		Debug|Any CPU = Debug|Any CPU
		Debug|ARM = Debug|ARM
		Debug|x64 = Debug|x64
		Debug|x86 = Debug|x86
		Release|Any CPU = Release|Any CPU
		Release|ARM = Release|ARM
		Release|x64 = Release|x64
		Release|x86 = Release|x86
	EndGlobalSection
	GlobalSection(ProjectConfigurationPlatforms) = postSolution
		{C464FA47-7BF6-45D7-970F-CEF4EC1D9832}.Debug|Any CPU.ActiveCfg = Debug|Any CPU
		{C464FA47-7BF6-45D7-970F-CEF4EC1D9832}.Debug|Any CPU.Build.0 = Debug|Any CPU
		{C464FA47-7BF6-45D7-970F-CEF4EC1D9832}.Debug|Any CPU.Deploy.0 = Debug|Any CPU
		{C464FA47-7BF6-45D7-970F-CEF4EC1D9832}.Debug|ARM.ActiveCfg = Debug|ARM
		{C464FA47-7BF6-45D7-970F-CEF4EC1D9832}.Debug|ARM.Build.0 = Debug|ARM
		{C464FA47-7BF6-45D7-970F-CEF4EC1D9832}.Debug|ARM.Deploy.0 = Debug|ARM
		{C464FA47-7BF6-45D7-970F-CEF4EC1D9832}.Debug|x64.ActiveCfg = Debug|x64
		{C464FA47-7BF6-45D7-970F-CEF4EC1D9832}.Debug|x64.Build.0 = Debug|x64
		{C464FA47-7BF6-45D7-970F-CEF4EC1D9832}.Debug|x64.Deploy.0 = Debug|x64
		{C464FA47-7BF6-45D7-970F-CEF4EC1D9832}.Debug|x86.ActiveCfg = Debug|x86
		{C464FA47-7BF6-45D7-970F-CEF4EC1D9832}.Debug|x86.Build.0 = Debug|x86
		{C464FA47-7BF6-45D7-970F-CEF4EC1D9832}.Debug|x86.Deploy.0 = Debug|x86
		{C464FA47-7BF6-45D7-970F-CEF4EC1D9832}.Release|Any CPU.ActiveCfg = Release|Any CPU
		{C464FA47-7BF6-45D7-970F-CEF4EC1D9832}.Release|Any CPU.Build.0 = Release|Any CPU
		{C464FA47-7BF6-45D7-970F-CEF4EC1D9832}.Release|Any CPU.Deploy.0 = Release|Any CPU
		{C464FA47-7BF6-45D7-970F-CEF4EC1D9832}.Release|ARM.ActiveCfg = Release|ARM
		{C464FA47-7BF6-45D7-970F-CEF4EC1D9832}.Release|ARM.Build.0 = Release|ARM
		{C464FA47-7BF6-45D7-970F-CEF4EC1D9832}.Release|ARM.Deploy.0 = Release|ARM
		{C464FA47-7BF6-45D7-970F-CEF4EC1D9832}.Release|x64.ActiveCfg = Release|x64
		{C464FA47-7BF6-45D7-970F-CEF4EC1D9832}.Release|x64.Build.0 = Release|x64
		{C464FA47-7BF6-45D7-970F-CEF4EC1D9832}.Release|x64.Deploy.0 = Release|x64
		{C464FA47-7BF6-45D7-970F-CEF4EC1D9832}.Release|x86.ActiveCfg = Release|x86
		{C464FA47-7BF6-45D7-970F-CEF4EC1D9832}.Release|x86.Build.0 = Release|x86
		{C464FA47-7BF6-45D7-970F-CEF4EC1D9832}.Release|x86.Deploy.0 = Release|x86
		{7D21E59C-D29D-439C-8B98-71F221E18C56}.Debug|Any CPU.ActiveCfg = Debug|Any CPU
		{7D21E59C-D29D-439C-8B98-71F221E18C56}.Debug|Any CPU.Build.0 = Debug|Any CPU
		{7D21E59C-D29D-439C-8B98-71F221E18C56}.Debug|Any CPU.Deploy.0 = Debug|Any CPU
		{7D21E59C-D29D-439C-8B98-71F221E18C56}.Debug|ARM.ActiveCfg = Debug|ARM
		{7D21E59C-D29D-439C-8B98-71F221E18C56}.Debug|ARM.Build.0 = Debug|ARM
		{7D21E59C-D29D-439C-8B98-71F221E18C56}.Debug|ARM.Deploy.0 = Debug|ARM
		{7D21E59C-D29D-439C-8B98-71F221E18C56}.Debug|x64.ActiveCfg = Debug|Any CPU
		{7D21E59C-D29D-439C-8B98-71F221E18C56}.Debug|x64.Build.0 = Debug|Any CPU
		{7D21E59C-D29D-439C-8B98-71F221E18C56}.Debug|x64.Deploy.0 = Debug|Any CPU
		{7D21E59C-D29D-439C-8B98-71F221E18C56}.Debug|x86.ActiveCfg = Debug|x86
		{7D21E59C-D29D-439C-8B98-71F221E18C56}.Debug|x86.Build.0 = Debug|x86
		{7D21E59C-D29D-439C-8B98-71F221E18C56}.Debug|x86.Deploy.0 = Debug|x86
		{7D21E59C-D29D-439C-8B98-71F221E18C56}.Release|Any CPU.ActiveCfg = Release|Any CPU
		{7D21E59C-D29D-439C-8B98-71F221E18C56}.Release|Any CPU.Build.0 = Release|Any CPU
		{7D21E59C-D29D-439C-8B98-71F221E18C56}.Release|Any CPU.Deploy.0 = Release|Any CPU
		{7D21E59C-D29D-439C-8B98-71F221E18C56}.Release|ARM.ActiveCfg = Release|ARM
		{7D21E59C-D29D-439C-8B98-71F221E18C56}.Release|ARM.Build.0 = Release|ARM
		{7D21E59C-D29D-439C-8B98-71F221E18C56}.Release|ARM.Deploy.0 = Release|ARM
		{7D21E59C-D29D-439C-8B98-71F221E18C56}.Release|x64.ActiveCfg = Release|Any CPU
		{7D21E59C-D29D-439C-8B98-71F221E18C56}.Release|x64.Build.0 = Release|Any CPU
		{7D21E59C-D29D-439C-8B98-71F221E18C56}.Release|x64.Deploy.0 = Release|Any CPU
		{7D21E59C-D29D-439C-8B98-71F221E18C56}.Release|x86.ActiveCfg = Release|x86
		{7D21E59C-D29D-439C-8B98-71F221E18C56}.Release|x86.Build.0 = Release|x86
		{7D21E59C-D29D-439C-8B98-71F221E18C56}.Release|x86.Deploy.0 = Release|x86
		{58B9B0ED-E58A-4919-A0A9-A1E64CB92851}.Debug|Any CPU.ActiveCfg = Debug|Any CPU
		{58B9B0ED-E58A-4919-A0A9-A1E64CB92851}.Debug|Any CPU.Build.0 = Debug|Any CPU
		{58B9B0ED-E58A-4919-A0A9-A1E64CB92851}.Debug|ARM.ActiveCfg = Debug|Any CPU
		{58B9B0ED-E58A-4919-A0A9-A1E64CB92851}.Debug|ARM.Build.0 = Debug|Any CPU
		{58B9B0ED-E58A-4919-A0A9-A1E64CB92851}.Debug|x64.ActiveCfg = Debug|Any CPU
		{58B9B0ED-E58A-4919-A0A9-A1E64CB92851}.Debug|x64.Build.0 = Debug|Any CPU
		{58B9B0ED-E58A-4919-A0A9-A1E64CB92851}.Debug|x86.ActiveCfg = Debug|Any CPU
		{58B9B0ED-E58A-4919-A0A9-A1E64CB92851}.Debug|x86.Build.0 = Debug|Any CPU
		{58B9B0ED-E58A-4919-A0A9-A1E64CB92851}.Release|Any CPU.ActiveCfg = Release|Any CPU
		{58B9B0ED-E58A-4919-A0A9-A1E64CB92851}.Release|Any CPU.Build.0 = Release|Any CPU
		{58B9B0ED-E58A-4919-A0A9-A1E64CB92851}.Release|ARM.ActiveCfg = Release|Any CPU
		{58B9B0ED-E58A-4919-A0A9-A1E64CB92851}.Release|ARM.Build.0 = Release|Any CPU
		{58B9B0ED-E58A-4919-A0A9-A1E64CB92851}.Release|x64.ActiveCfg = Release|Any CPU
		{58B9B0ED-E58A-4919-A0A9-A1E64CB92851}.Release|x64.Build.0 = Release|Any CPU
		{58B9B0ED-E58A-4919-A0A9-A1E64CB92851}.Release|x86.ActiveCfg = Release|Any CPU
		{58B9B0ED-E58A-4919-A0A9-A1E64CB92851}.Release|x86.Build.0 = Release|Any CPU
		{FCE01DA8-FD18-4AC7-A49A-1955EDB75D58}.Debug|Any CPU.ActiveCfg = Debug|Any CPU
		{FCE01DA8-FD18-4AC7-A49A-1955EDB75D58}.Debug|Any CPU.Build.0 = Debug|Any CPU
		{FCE01DA8-FD18-4AC7-A49A-1955EDB75D58}.Debug|ARM.ActiveCfg = Debug|Any CPU
		{FCE01DA8-FD18-4AC7-A49A-1955EDB75D58}.Debug|ARM.Build.0 = Debug|Any CPU
		{FCE01DA8-FD18-4AC7-A49A-1955EDB75D58}.Debug|x64.ActiveCfg = Debug|Any CPU
		{FCE01DA8-FD18-4AC7-A49A-1955EDB75D58}.Debug|x64.Build.0 = Debug|Any CPU
		{FCE01DA8-FD18-4AC7-A49A-1955EDB75D58}.Debug|x86.ActiveCfg = Debug|Any CPU
		{FCE01DA8-FD18-4AC7-A49A-1955EDB75D58}.Debug|x86.Build.0 = Debug|Any CPU
		{FCE01DA8-FD18-4AC7-A49A-1955EDB75D58}.Release|Any CPU.ActiveCfg = Release|Any CPU
		{FCE01DA8-FD18-4AC7-A49A-1955EDB75D58}.Release|Any CPU.Build.0 = Release|Any CPU
		{FCE01DA8-FD18-4AC7-A49A-1955EDB75D58}.Release|ARM.ActiveCfg = Release|Any CPU
		{FCE01DA8-FD18-4AC7-A49A-1955EDB75D58}.Release|ARM.Build.0 = Release|Any CPU
		{FCE01DA8-FD18-4AC7-A49A-1955EDB75D58}.Release|x64.ActiveCfg = Release|Any CPU
		{FCE01DA8-FD18-4AC7-A49A-1955EDB75D58}.Release|x64.Build.0 = Release|Any CPU
		{FCE01DA8-FD18-4AC7-A49A-1955EDB75D58}.Release|x86.ActiveCfg = Release|Any CPU
		{FCE01DA8-FD18-4AC7-A49A-1955EDB75D58}.Release|x86.Build.0 = Release|Any CPU
		{96FBACC4-27BD-43C8-910D-1D8CF687C90A}.Debug|Any CPU.ActiveCfg = Debug|Any CPU
		{96FBACC4-27BD-43C8-910D-1D8CF687C90A}.Debug|Any CPU.Build.0 = Debug|Any CPU
		{96FBACC4-27BD-43C8-910D-1D8CF687C90A}.Debug|ARM.ActiveCfg = Debug|Any CPU
		{96FBACC4-27BD-43C8-910D-1D8CF687C90A}.Debug|ARM.Build.0 = Debug|Any CPU
		{96FBACC4-27BD-43C8-910D-1D8CF687C90A}.Debug|x64.ActiveCfg = Debug|Any CPU
		{96FBACC4-27BD-43C8-910D-1D8CF687C90A}.Debug|x64.Build.0 = Debug|Any CPU
		{96FBACC4-27BD-43C8-910D-1D8CF687C90A}.Debug|x86.ActiveCfg = Debug|Any CPU
		{96FBACC4-27BD-43C8-910D-1D8CF687C90A}.Debug|x86.Build.0 = Debug|Any CPU
		{96FBACC4-27BD-43C8-910D-1D8CF687C90A}.Release|Any CPU.ActiveCfg = Release|Any CPU
		{96FBACC4-27BD-43C8-910D-1D8CF687C90A}.Release|Any CPU.Build.0 = Release|Any CPU
		{96FBACC4-27BD-43C8-910D-1D8CF687C90A}.Release|ARM.ActiveCfg = Release|Any CPU
		{96FBACC4-27BD-43C8-910D-1D8CF687C90A}.Release|ARM.Build.0 = Release|Any CPU
		{96FBACC4-27BD-43C8-910D-1D8CF687C90A}.Release|x64.ActiveCfg = Release|Any CPU
		{96FBACC4-27BD-43C8-910D-1D8CF687C90A}.Release|x64.Build.0 = Release|Any CPU
		{96FBACC4-27BD-43C8-910D-1D8CF687C90A}.Release|x86.ActiveCfg = Release|Any CPU
		{96FBACC4-27BD-43C8-910D-1D8CF687C90A}.Release|x86.Build.0 = Release|Any CPU
		{7CEFDFA1-49AA-48C8-99E6-7F21A0FD1F4C}.Debug|Any CPU.ActiveCfg = Debug|x86
		{7CEFDFA1-49AA-48C8-99E6-7F21A0FD1F4C}.Debug|Any CPU.Build.0 = Debug|x86
		{7CEFDFA1-49AA-48C8-99E6-7F21A0FD1F4C}.Debug|Any CPU.Deploy.0 = Debug|x86
		{7CEFDFA1-49AA-48C8-99E6-7F21A0FD1F4C}.Debug|ARM.ActiveCfg = Debug|ARM
		{7CEFDFA1-49AA-48C8-99E6-7F21A0FD1F4C}.Debug|ARM.Build.0 = Debug|ARM
		{7CEFDFA1-49AA-48C8-99E6-7F21A0FD1F4C}.Debug|ARM.Deploy.0 = Debug|ARM
		{7CEFDFA1-49AA-48C8-99E6-7F21A0FD1F4C}.Debug|x64.ActiveCfg = Debug|x64
		{7CEFDFA1-49AA-48C8-99E6-7F21A0FD1F4C}.Debug|x64.Build.0 = Debug|x64
		{7CEFDFA1-49AA-48C8-99E6-7F21A0FD1F4C}.Debug|x64.Deploy.0 = Debug|x64
		{7CEFDFA1-49AA-48C8-99E6-7F21A0FD1F4C}.Debug|x86.ActiveCfg = Debug|x86
		{7CEFDFA1-49AA-48C8-99E6-7F21A0FD1F4C}.Debug|x86.Build.0 = Debug|x86
		{7CEFDFA1-49AA-48C8-99E6-7F21A0FD1F4C}.Debug|x86.Deploy.0 = Debug|x86
		{7CEFDFA1-49AA-48C8-99E6-7F21A0FD1F4C}.Release|Any CPU.ActiveCfg = Release|x86
		{7CEFDFA1-49AA-48C8-99E6-7F21A0FD1F4C}.Release|Any CPU.Build.0 = Release|x86
		{7CEFDFA1-49AA-48C8-99E6-7F21A0FD1F4C}.Release|Any CPU.Deploy.0 = Release|x86
		{7CEFDFA1-49AA-48C8-99E6-7F21A0FD1F4C}.Release|ARM.ActiveCfg = Release|ARM
		{7CEFDFA1-49AA-48C8-99E6-7F21A0FD1F4C}.Release|ARM.Build.0 = Release|ARM
		{7CEFDFA1-49AA-48C8-99E6-7F21A0FD1F4C}.Release|ARM.Deploy.0 = Release|ARM
		{7CEFDFA1-49AA-48C8-99E6-7F21A0FD1F4C}.Release|x64.ActiveCfg = Release|x64
		{7CEFDFA1-49AA-48C8-99E6-7F21A0FD1F4C}.Release|x64.Build.0 = Release|x64
		{7CEFDFA1-49AA-48C8-99E6-7F21A0FD1F4C}.Release|x64.Deploy.0 = Release|x64
		{7CEFDFA1-49AA-48C8-99E6-7F21A0FD1F4C}.Release|x86.ActiveCfg = Release|x86
		{7CEFDFA1-49AA-48C8-99E6-7F21A0FD1F4C}.Release|x86.Build.0 = Release|x86
		{7CEFDFA1-49AA-48C8-99E6-7F21A0FD1F4C}.Release|x86.Deploy.0 = Release|x86
	EndGlobalSection
	GlobalSection(SolutionProperties) = preSolution
		HideSolutionNode = FALSE
	EndGlobalSection
	GlobalSection(NestedProjects) = preSolution
		{3BCB4884-A108-44B0-8317-FA9814185296} = {516EFA5D-A6DF-4BA8-A02F-74D715E64E4D}
		{C464FA47-7BF6-45D7-970F-CEF4EC1D9832} = {516EFA5D-A6DF-4BA8-A02F-74D715E64E4D}
		{7D21E59C-D29D-439C-8B98-71F221E18C56} = {516EFA5D-A6DF-4BA8-A02F-74D715E64E4D}
		{7CEFDFA1-49AA-48C8-99E6-7F21A0FD1F4C} = {516EFA5D-A6DF-4BA8-A02F-74D715E64E4D}
	EndGlobalSection
EndGlobal
